// !$*UTF8*$!
{
	archiveVersion = 1;
	classes = {
	};
	objectVersion = 48;
	objects = {

/* Begin PBXBuildFile section */
		11130CBD20B7FAB200726771 /* Drama.storyboard in Resources */ = {isa = PBXBuildFile; fileRef = 11130CBB20B7FAB200726771 /* Drama.storyboard */; };
		11130CC020B7FB4600726771 /* Main.storyboard in Resources */ = {isa = PBXBuildFile; fileRef = 11130CBE20B7FB4600726771 /* Main.storyboard */; };
		11130CC520B7FDD200726771 /* Hero.storyboard in Resources */ = {isa = PBXBuildFile; fileRef = 11130CC320B7FDD200726771 /* Hero.storyboard */; };
		11130CC720B7FFBB00726771 /* chitchat in Resources */ = {isa = PBXBuildFile; fileRef = 11130CC620B7FFBB00726771 /* chitchat */; };
		11130CCA20B8001300726771 /* ChitChat.storyboard in Resources */ = {isa = PBXBuildFile; fileRef = 11130CC820B8001300726771 /* ChitChat.storyboard */; };
		11130CCE20B8004600726771 /* Profile.storyboard in Resources */ = {isa = PBXBuildFile; fileRef = 11130CCC20B8004600726771 /* Profile.storyboard */; };
		11130CDC20B8794C00726771 /* DramaViewController.m in Sources */ = {isa = PBXBuildFile; fileRef = 11130CDB20B8794C00726771 /* DramaViewController.m */; };
		11130CDF20B87B5800726771 /* ProfileViewController.m in Sources */ = {isa = PBXBuildFile; fileRef = 11130CDE20B87B5800726771 /* ProfileViewController.m */; };
		1135D22120A9F4420030932D /* AppDelegate.m in Sources */ = {isa = PBXBuildFile; fileRef = 1135D22020A9F4420030932D /* AppDelegate.m */; };
		1135D22420A9F4420030932D /* MainViewController.m in Sources */ = {isa = PBXBuildFile; fileRef = 1135D22320A9F4420030932D /* MainViewController.m */; };
		1135D22920A9F4420030932D /* Assets.xcassets in Resources */ = {isa = PBXBuildFile; fileRef = 1135D22820A9F4420030932D /* Assets.xcassets */; };
		1135D22C20A9F4420030932D /* LaunchScreen.storyboard in Resources */ = {isa = PBXBuildFile; fileRef = 1135D22A20A9F4420030932D /* LaunchScreen.storyboard */; };
		1135D22F20A9F4420030932D /* main.m in Sources */ = {isa = PBXBuildFile; fileRef = 1135D22E20A9F4420030932D /* main.m */; };
		1161A9D820BC48C00018CA86 /* DramaView.m in Sources */ = {isa = PBXBuildFile; fileRef = 1161A9D720BC48C00018CA86 /* DramaView.m */; };
		1161A9DF20BC51DA0018CA86 /* CVCellDrama.m in Sources */ = {isa = PBXBuildFile; fileRef = 1161A9DD20BC51DA0018CA86 /* CVCellDrama.m */; };
		1161A9E020BC51DA0018CA86 /* CVCellDrama.xib in Resources */ = {isa = PBXBuildFile; fileRef = 1161A9DE20BC51DA0018CA86 /* CVCellDrama.xib */; };
		1163A4D520BDAC3B000D51AF /* DramaHeaderView.xib in Resources */ = {isa = PBXBuildFile; fileRef = 1163A4D220BDAC3B000D51AF /* DramaHeaderView.xib */; };
		1163A4D620BDAC3B000D51AF /* DramaHeaderView.m in Sources */ = {isa = PBXBuildFile; fileRef = 1163A4D420BDAC3B000D51AF /* DramaHeaderView.m */; };
		1195EC8B20BC8C37008BF744 /* Common.m in Sources */ = {isa = PBXBuildFile; fileRef = 1195EC8A20BC8C37008BF744 /* Common.m */; };
/* End PBXBuildFile section */

/* Begin PBXFileReference section */
		11130CBC20B7FAB200726771 /* Base */ = {isa = PBXFileReference; lastKnownFileType = file.storyboard; name = Base; path = pili/Base.lproj/Drama.storyboard; sourceTree = "<group>"; };
		11130CBF20B7FB4600726771 /* Base */ = {isa = PBXFileReference; lastKnownFileType = file.storyboard; name = Base; path = pili/Base.lproj/Main.storyboard; sourceTree = "<group>"; };
		11130CC420B7FDD200726771 /* Base */ = {isa = PBXFileReference; lastKnownFileType = file.storyboard; name = Base; path = pili/Base.lproj/Hero.storyboard; sourceTree = "<group>"; };
		11130CC620B7FFBB00726771 /* chitchat */ = {isa = PBXFileReference; lastKnownFileType = folder; path = chitchat; sourceTree = "<group>"; };
		11130CC920B8001300726771 /* Base */ = {isa = PBXFileReference; lastKnownFileType = file.storyboard; name = Base; path = pili/Base.lproj/ChitChat.storyboard; sourceTree = "<group>"; };
		11130CCD20B8004600726771 /* Base */ = {isa = PBXFileReference; lastKnownFileType = file.storyboard; name = Base; path = pili/Base.lproj/Profile.storyboard; sourceTree = "<group>"; };
		11130CDA20B8794B00726771 /* DramaViewController.h */ = {isa = PBXFileReference; fileEncoding = 4; lastKnownFileType = sourcecode.c.h; name = DramaViewController.h; path = drama/DramaViewController.h; sourceTree = "<group>"; };
		11130CDB20B8794C00726771 /* DramaViewController.m */ = {isa = PBXFileReference; fileEncoding = 4; lastKnownFileType = sourcecode.c.objc; name = DramaViewController.m; path = drama/DramaViewController.m; sourceTree = "<group>"; };
		11130CDD20B87B5800726771 /* ProfileViewController.h */ = {isa = PBXFileReference; lastKnownFileType = sourcecode.c.h; path = ProfileViewController.h; sourceTree = "<group>"; };
		11130CDE20B87B5800726771 /* ProfileViewController.m */ = {isa = PBXFileReference; lastKnownFileType = sourcecode.c.objc; path = ProfileViewController.m; sourceTree = "<group>"; };
		1135D21C20A9F4420030932D /* pili.app */ = {isa = PBXFileReference; explicitFileType = wrapper.application; includeInIndex = 0; path = pili.app; sourceTree = BUILT_PRODUCTS_DIR; };
		1135D21F20A9F4420030932D /* AppDelegate.h */ = {isa = PBXFileReference; lastKnownFileType = sourcecode.c.h; path = AppDelegate.h; sourceTree = "<group>"; };
		1135D22020A9F4420030932D /* AppDelegate.m */ = {isa = PBXFileReference; lastKnownFileType = sourcecode.c.objc; path = AppDelegate.m; sourceTree = "<group>"; };
		1135D22220A9F4420030932D /* MainViewController.h */ = {isa = PBXFileReference; lastKnownFileType = sourcecode.c.h; path = MainViewController.h; sourceTree = "<group>"; };
		1135D22320A9F4420030932D /* MainViewController.m */ = {isa = PBXFileReference; lastKnownFileType = sourcecode.c.objc; path = MainViewController.m; sourceTree = "<group>"; };
		1135D22820A9F4420030932D /* Assets.xcassets */ = {isa = PBXFileReference; lastKnownFileType = folder.assetcatalog; path = Assets.xcassets; sourceTree = "<group>"; };
		1135D22B20A9F4420030932D /* Base */ = {isa = PBXFileReference; lastKnownFileType = file.storyboard; name = Base; path = Base.lproj/LaunchScreen.storyboard; sourceTree = "<group>"; };
		1135D22D20A9F4420030932D /* Info.plist */ = {isa = PBXFileReference; lastKnownFileType = text.plist.xml; path = Info.plist; sourceTree = "<group>"; };
		1135D22E20A9F4420030932D /* main.m */ = {isa = PBXFileReference; lastKnownFileType = sourcecode.c.objc; path = main.m; sourceTree = "<group>"; };
		1161A9D620BC48BF0018CA86 /* DramaView.h */ = {isa = PBXFileReference; fileEncoding = 4; lastKnownFileType = sourcecode.c.h; name = DramaView.h; path = drama/DramaView.h; sourceTree = "<group>"; };
		1161A9D720BC48C00018CA86 /* DramaView.m */ = {isa = PBXFileReference; fileEncoding = 4; lastKnownFileType = sourcecode.c.objc; name = DramaView.m; path = drama/DramaView.m; sourceTree = "<group>"; };
		1161A9DC20BC51DA0018CA86 /* CVCellDrama.h */ = {isa = PBXFileReference; lastKnownFileType = sourcecode.c.h; name = CVCellDrama.h; path = drama/CVCellDrama.h; sourceTree = "<group>"; };
		1161A9DD20BC51DA0018CA86 /* CVCellDrama.m */ = {isa = PBXFileReference; lastKnownFileType = sourcecode.c.objc; name = CVCellDrama.m; path = drama/CVCellDrama.m; sourceTree = "<group>"; };
		1161A9DE20BC51DA0018CA86 /* CVCellDrama.xib */ = {isa = PBXFileReference; lastKnownFileType = file.xib; name = CVCellDrama.xib; path = drama/CVCellDrama.xib; sourceTree = "<group>"; };
		1163A4D220BDAC3B000D51AF /* DramaHeaderView.xib */ = {isa = PBXFileReference; fileEncoding = 4; lastKnownFileType = file.xib; name = DramaHeaderView.xib; path = drama/DramaHeaderView.xib; sourceTree = "<group>"; };
		1163A4D320BDAC3B000D51AF /* DramaHeaderView.h */ = {isa = PBXFileReference; fileEncoding = 4; lastKnownFileType = sourcecode.c.h; name = DramaHeaderView.h; path = drama/DramaHeaderView.h; sourceTree = "<group>"; };
		1163A4D420BDAC3B000D51AF /* DramaHeaderView.m */ = {isa = PBXFileReference; fileEncoding = 4; lastKnownFileType = sourcecode.c.objc; name = DramaHeaderView.m; path = drama/DramaHeaderView.m; sourceTree = "<group>"; };
		1195EC8920BC8431008BF744 /* Common.h */ = {isa = PBXFileReference; lastKnownFileType = sourcecode.c.h; path = Common.h; sourceTree = "<group>"; };
		1195EC8A20BC8C37008BF744 /* Common.m */ = {isa = PBXFileReference; lastKnownFileType = sourcecode.c.objc; path = Common.m; sourceTree = "<group>"; };
/* End PBXFileReference section */

/* Begin PBXFrameworksBuildPhase section */
		1135D21920A9F4420030932D /* Frameworks */ = {
			isa = PBXFrameworksBuildPhase;
			buildActionMask = 2147483647;
			files = (
			);
			runOnlyForDeploymentPostprocessing = 0;
		};
/* End PBXFrameworksBuildPhase section */

/* Begin PBXGroup section */
		11130CBA20B7F70100726771 /* main */ = {
			isa = PBXGroup;
			children = (
				1135D22220A9F4420030932D /* MainViewController.h */,
				1135D22320A9F4420030932D /* MainViewController.m */,
			);
			path = main;
			sourceTree = "<group>";
		};
		11130CC120B7FBCA00726771 /* hero */ = {
			isa = PBXGroup;
			children = (
			);
			path = hero;
			sourceTree = "<group>";
		};
		11130CCB20B8002200726771 /* profile */ = {
			isa = PBXGroup;
			children = (
				11130CDD20B87B5800726771 /* ProfileViewController.h */,
				11130CDE20B87B5800726771 /* ProfileViewController.m */,
			);
			path = profile;
			sourceTree = "<group>";
		};
		11130CD220B814AF00726771 /* extension */ = {
			isa = PBXGroup;
			children = (
			);
			path = extension;
			sourceTree = "<group>";
		};
		1135D21320A9F4420030932D = {
			isa = PBXGroup;
			children = (
				11130CCC20B8004600726771 /* Profile.storyboard */,
				11130CC820B8001300726771 /* ChitChat.storyboard */,
				11130CC320B7FDD200726771 /* Hero.storyboard */,
				11130CBE20B7FB4600726771 /* Main.storyboard */,
				11130CBB20B7FAB200726771 /* Drama.storyboard */,
				1135D21E20A9F4420030932D /* pili */,
				1135D21D20A9F4420030932D /* Products */,
			);
			sourceTree = "<group>";
		};
		1135D21D20A9F4420030932D /* Products */ = {
			isa = PBXGroup;
			children = (
				1135D21C20A9F4420030932D /* pili.app */,
			);
			name = Products;
			sourceTree = "<group>";
		};
		1135D21E20A9F4420030932D /* pili */ = {
			isa = PBXGroup;
			children = (
				1195EC8820BC8411008BF744 /* common */,
				11130CD220B814AF00726771 /* extension */,
				11130CCB20B8002200726771 /* profile */,
				11130CC620B7FFBB00726771 /* chitchat */,
				11130CC120B7FBCA00726771 /* hero */,
				11130CBA20B7F70100726771 /* main */,
				114D510120B70066005B5CD9 /* drama */,
				1135D21F20A9F4420030932D /* AppDelegate.h */,
				1135D22020A9F4420030932D /* AppDelegate.m */,
				1135D22820A9F4420030932D /* Assets.xcassets */,
				1135D22A20A9F4420030932D /* LaunchScreen.storyboard */,
				1135D22D20A9F4420030932D /* Info.plist */,
				1135D22E20A9F4420030932D /* main.m */,
			);
			path = pili;
			sourceTree = "<group>";
		};
		114D510120B70066005B5CD9 /* drama */ = {
			isa = PBXGroup;
			children = (
				1163A4D320BDAC3B000D51AF /* DramaHeaderView.h */,
				1163A4D420BDAC3B000D51AF /* DramaHeaderView.m */,
				1163A4D220BDAC3B000D51AF /* DramaHeaderView.xib */,
				1161A9D620BC48BF0018CA86 /* DramaView.h */,
				1161A9D720BC48C00018CA86 /* DramaView.m */,
				11130CDA20B8794B00726771 /* DramaViewController.h */,
				11130CDB20B8794C00726771 /* DramaViewController.m */,
				1161A9DC20BC51DA0018CA86 /* CVCellDrama.h */,
				1161A9DD20BC51DA0018CA86 /* CVCellDrama.m */,
				1161A9DE20BC51DA0018CA86 /* CVCellDrama.xib */,
			);
			name = drama;
			sourceTree = "<group>";
		};
		1195EC8820BC8411008BF744 /* common */ = {
			isa = PBXGroup;
			children = (
				1195EC8920BC8431008BF744 /* Common.h */,
				1195EC8A20BC8C37008BF744 /* Common.m */,
			);
			path = common;
			sourceTree = "<group>";
		};
/* End PBXGroup section */

/* Begin PBXNativeTarget section */
		1135D21B20A9F4420030932D /* pili */ = {
			isa = PBXNativeTarget;
			buildConfigurationList = 1135D23220A9F4420030932D /* Build configuration list for PBXNativeTarget "pili" */;
			buildPhases = (
				1135D21820A9F4420030932D /* Sources */,
				1135D21920A9F4420030932D /* Frameworks */,
				1135D21A20A9F4420030932D /* Resources */,
			);
			buildRules = (
			);
			dependencies = (
			);
			name = pili;
			productName = pili;
			productReference = 1135D21C20A9F4420030932D /* pili.app */;
			productType = "com.apple.product-type.application";
		};
/* End PBXNativeTarget section */

/* Begin PBXProject section */
		1135D21420A9F4420030932D /* Project object */ = {
			isa = PBXProject;
			attributes = {
				LastUpgradeCheck = 0920;
				ORGANIZATIONNAME = ejoy;
				TargetAttributes = {
					1135D21B20A9F4420030932D = {
						CreatedOnToolsVersion = 9.2;
						ProvisioningStyle = Automatic;
					};
				};
			};
			buildConfigurationList = 1135D21720A9F4420030932D /* Build configuration list for PBXProject "pili" */;
			compatibilityVersion = "Xcode 8.0";
			developmentRegion = en;
			hasScannedForEncodings = 0;
			knownRegions = (
				en,
				Base,
			);
			mainGroup = 1135D21320A9F4420030932D;
			productRefGroup = 1135D21D20A9F4420030932D /* Products */;
			projectDirPath = "";
			projectRoot = "";
			targets = (
				1135D21B20A9F4420030932D /* pili */,
			);
		};
/* End PBXProject section */

/* Begin PBXResourcesBuildPhase section */
		1135D21A20A9F4420030932D /* Resources */ = {
			isa = PBXResourcesBuildPhase;
			buildActionMask = 2147483647;
			files = (
				11130CBD20B7FAB200726771 /* Drama.storyboard in Resources */,
				11130CC020B7FB4600726771 /* Main.storyboard in Resources */,
				11130CCE20B8004600726771 /* Profile.storyboard in Resources */,
				11130CC520B7FDD200726771 /* Hero.storyboard in Resources */,
				11130CCA20B8001300726771 /* ChitChat.storyboard in Resources */,
				1161A9E020BC51DA0018CA86 /* CVCellDrama.xib in Resources */,
				1135D22C20A9F4420030932D /* LaunchScreen.storyboard in Resources */,
				1163A4D520BDAC3B000D51AF /* DramaHeaderView.xib in Resources */,
				11130CC720B7FFBB00726771 /* chitchat in Resources */,
				1135D22920A9F4420030932D /* Assets.xcassets in Resources */,
			);
			runOnlyForDeploymentPostprocessing = 0;
		};
/* End PBXResourcesBuildPhase section */

/* Begin PBXSourcesBuildPhase section */
		1135D21820A9F4420030932D /* Sources */ = {
			isa = PBXSourcesBuildPhase;
			buildActionMask = 2147483647;
			files = (
				1161A9DF20BC51DA0018CA86 /* CVCellDrama.m in Sources */,
				1135D22420A9F4420030932D /* MainViewController.m in Sources */,
				1163A4D620BDAC3B000D51AF /* DramaHeaderView.m in Sources */,
				1161A9D820BC48C00018CA86 /* DramaView.m in Sources */,
				1135D22F20A9F4420030932D /* main.m in Sources */,
				1195EC8B20BC8C37008BF744 /* Common.m in Sources */,
				1135D22120A9F4420030932D /* AppDelegate.m in Sources */,
				11130CDC20B8794C00726771 /* DramaViewController.m in Sources */,
				11130CDF20B87B5800726771 /* ProfileViewController.m in Sources */,
			);
			runOnlyForDeploymentPostprocessing = 0;
		};
/* End PBXSourcesBuildPhase section */

/* Begin PBXVariantGroup section */
		11130CBB20B7FAB200726771 /* Drama.storyboard */ = {
			isa = PBXVariantGroup;
			children = (
				11130CBC20B7FAB200726771 /* Base */,
			);
			name = Drama.storyboard;
			sourceTree = "<group>";
		};
		11130CBE20B7FB4600726771 /* Main.storyboard */ = {
			isa = PBXVariantGroup;
			children = (
				11130CBF20B7FB4600726771 /* Base */,
			);
			name = Main.storyboard;
			sourceTree = "<group>";
		};
		11130CC320B7FDD200726771 /* Hero.storyboard */ = {
			isa = PBXVariantGroup;
			children = (
				11130CC420B7FDD200726771 /* Base */,
			);
			name = Hero.storyboard;
			sourceTree = "<group>";
		};
		11130CC820B8001300726771 /* ChitChat.storyboard */ = {
			isa = PBXVariantGroup;
			children = (
				11130CC920B8001300726771 /* Base */,
			);
			name = ChitChat.storyboard;
			sourceTree = "<group>";
		};
		11130CCC20B8004600726771 /* Profile.storyboard */ = {
			isa = PBXVariantGroup;
			children = (
				11130CCD20B8004600726771 /* Base */,
			);
			name = Profile.storyboard;
			sourceTree = "<group>";
		};
		1135D22A20A9F4420030932D /* LaunchScreen.storyboard */ = {
			isa = PBXVariantGroup;
			children = (
				1135D22B20A9F4420030932D /* Base */,
			);
			name = LaunchScreen.storyboard;
			sourceTree = "<group>";
		};
/* End PBXVariantGroup section */

/* Begin XCBuildConfiguration section */
		1135D23020A9F4420030932D /* Debug */ = {
			isa = XCBuildConfiguration;
			buildSettings = {
				ALWAYS_SEARCH_USER_PATHS = NO;
				CLANG_ANALYZER_NONNULL = YES;
				CLANG_ANALYZER_NUMBER_OBJECT_CONVERSION = YES_AGGRESSIVE;
				CLANG_CXX_LANGUAGE_STANDARD = "gnu++14";
				CLANG_CXX_LIBRARY = "libc++";
				CLANG_ENABLE_MODULES = YES;
				CLANG_ENABLE_OBJC_ARC = YES;
				CLANG_WARN_BLOCK_CAPTURE_AUTORELEASING = YES;
				CLANG_WARN_BOOL_CONVERSION = YES;
				CLANG_WARN_COMMA = YES;
				CLANG_WARN_CONSTANT_CONVERSION = YES;
				CLANG_WARN_DIRECT_OBJC_ISA_USAGE = YES_ERROR;
				CLANG_WARN_DOCUMENTATION_COMMENTS = YES;
				CLANG_WARN_EMPTY_BODY = YES;
				CLANG_WARN_ENUM_CONVERSION = YES;
				CLANG_WARN_INFINITE_RECURSION = YES;
				CLANG_WARN_INT_CONVERSION = YES;
				CLANG_WARN_NON_LITERAL_NULL_CONVERSION = YES;
				CLANG_WARN_OBJC_LITERAL_CONVERSION = YES;
				CLANG_WARN_OBJC_ROOT_CLASS = YES_ERROR;
				CLANG_WARN_RANGE_LOOP_ANALYSIS = YES;
				CLANG_WARN_STRICT_PROTOTYPES = YES;
				CLANG_WARN_SUSPICIOUS_MOVE = YES;
				CLANG_WARN_UNGUARDED_AVAILABILITY = YES_AGGRESSIVE;
				CLANG_WARN_UNREACHABLE_CODE = YES;
				CLANG_WARN__DUPLICATE_METHOD_MATCH = YES;
				CODE_SIGN_IDENTITY = "iPhone Developer";
				COPY_PHASE_STRIP = NO;
				DEBUG_INFORMATION_FORMAT = dwarf;
				ENABLE_STRICT_OBJC_MSGSEND = YES;
				ENABLE_TESTABILITY = YES;
				GCC_C_LANGUAGE_STANDARD = gnu11;
				GCC_DYNAMIC_NO_PIC = NO;
				GCC_NO_COMMON_BLOCKS = YES;
				GCC_OPTIMIZATION_LEVEL = 0;
				GCC_PREPROCESSOR_DEFINITIONS = (
					"DEBUG=1",
					"$(inherited)",
				);
				GCC_WARN_64_TO_32_BIT_CONVERSION = YES;
				GCC_WARN_ABOUT_RETURN_TYPE = YES_ERROR;
				GCC_WARN_UNDECLARED_SELECTOR = YES;
				GCC_WARN_UNINITIALIZED_AUTOS = YES_AGGRESSIVE;
				GCC_WARN_UNUSED_FUNCTION = YES;
				GCC_WARN_UNUSED_VARIABLE = YES;
				IPHONEOS_DEPLOYMENT_TARGET = 11.2;
				MTL_ENABLE_DEBUG_INFO = YES;
				ONLY_ACTIVE_ARCH = YES;
				SDKROOT = iphoneos;
			};
			name = Debug;
		};
		1135D23120A9F4420030932D /* Release */ = {
			isa = XCBuildConfiguration;
			buildSettings = {
				ALWAYS_SEARCH_USER_PATHS = NO;
				CLANG_ANALYZER_NONNULL = YES;
				CLANG_ANALYZER_NUMBER_OBJECT_CONVERSION = YES_AGGRESSIVE;
				CLANG_CXX_LANGUAGE_STANDARD = "gnu++14";
				CLANG_CXX_LIBRARY = "libc++";
				CLANG_ENABLE_MODULES = YES;
				CLANG_ENABLE_OBJC_ARC = YES;
				CLANG_WARN_BLOCK_CAPTURE_AUTORELEASING = YES;
				CLANG_WARN_BOOL_CONVERSION = YES;
				CLANG_WARN_COMMA = YES;
				CLANG_WARN_CONSTANT_CONVERSION = YES;
				CLANG_WARN_DIRECT_OBJC_ISA_USAGE = YES_ERROR;
				CLANG_WARN_DOCUMENTATION_COMMENTS = YES;
				CLANG_WARN_EMPTY_BODY = YES;
				CLANG_WARN_ENUM_CONVERSION = YES;
				CLANG_WARN_INFINITE_RECURSION = YES;
				CLANG_WARN_INT_CONVERSION = YES;
				CLANG_WARN_NON_LITERAL_NULL_CONVERSION = YES;
				CLANG_WARN_OBJC_LITERAL_CONVERSION = YES;
				CLANG_WARN_OBJC_ROOT_CLASS = YES_ERROR;
				CLANG_WARN_RANGE_LOOP_ANALYSIS = YES;
				CLANG_WARN_STRICT_PROTOTYPES = YES;
				CLANG_WARN_SUSPICIOUS_MOVE = YES;
				CLANG_WARN_UNGUARDED_AVAILABILITY = YES_AGGRESSIVE;
				CLANG_WARN_UNREACHABLE_CODE = YES;
				CLANG_WARN__DUPLICATE_METHOD_MATCH = YES;
				CODE_SIGN_IDENTITY = "iPhone Developer";
				COPY_PHASE_STRIP = NO;
				DEBUG_INFORMATION_FORMAT = "dwarf-with-dsym";
				ENABLE_NS_ASSERTIONS = NO;
				ENABLE_STRICT_OBJC_MSGSEND = YES;
				GCC_C_LANGUAGE_STANDARD = gnu11;
				GCC_NO_COMMON_BLOCKS = YES;
				GCC_WARN_64_TO_32_BIT_CONVERSION = YES;
				GCC_WARN_ABOUT_RETURN_TYPE = YES_ERROR;
				GCC_WARN_UNDECLARED_SELECTOR = YES;
				GCC_WARN_UNINITIALIZED_AUTOS = YES_AGGRESSIVE;
				GCC_WARN_UNUSED_FUNCTION = YES;
				GCC_WARN_UNUSED_VARIABLE = YES;
				IPHONEOS_DEPLOYMENT_TARGET = 11.2;
				MTL_ENABLE_DEBUG_INFO = NO;
				SDKROOT = iphoneos;
				VALIDATE_PRODUCT = YES;
			};
			name = Release;
		};
		1135D23320A9F4420030932D /* Debug */ = {
			isa = XCBuildConfiguration;
			buildSettings = {
				ASSETCATALOG_COMPILER_APPICON_NAME = AppIcon;
				CODE_SIGN_STYLE = Automatic;
				DEVELOPMENT_TEAM = 6D2HKBGD5H;
				INFOPLIST_FILE = pili/Info.plist;
				LD_RUNPATH_SEARCH_PATHS = "$(inherited) @executable_path/Frameworks";
				PRODUCT_BUNDLE_IDENTIFIER = com.ejoy.pili;
				PRODUCT_NAME = "$(TARGET_NAME)";
				TARGETED_DEVICE_FAMILY = "1,2";
			};
			name = Debug;
		};
		1135D23420A9F4420030932D /* Release */ = {
			isa = XCBuildConfiguration;
			buildSettings = {
				ASSETCATALOG_COMPILER_APPICON_NAME = AppIcon;
				CODE_SIGN_STYLE = Automatic;
				DEVELOPMENT_TEAM = 6D2HKBGD5H;
				INFOPLIST_FILE = pili/Info.plist;
				LD_RUNPATH_SEARCH_PATHS = "$(inherited) @executable_path/Frameworks";
				PRODUCT_BUNDLE_IDENTIFIER = com.ejoy.pili;
				PRODUCT_NAME = "$(TARGET_NAME)";
				TARGETED_DEVICE_FAMILY = "1,2";
			};
			name = Release;
		};
/* End XCBuildConfiguration section */

/* Begin XCConfigurationList section */
		1135D21720A9F4420030932D /* Build configuration list for PBXProject "pili" */ = {
			isa = XCConfigurationList;
			buildConfigurations = (
				1135D23020A9F4420030932D /* Debug */,
				1135D23120A9F4420030932D /* Release */,
			);
			defaultConfigurationIsVisible = 0;
			defaultConfigurationName = Release;
		};
		1135D23220A9F4420030932D /* Build configuration list for PBXNativeTarget "pili" */ = {
			isa = XCConfigurationList;
			buildConfigurations = (
				1135D23320A9F4420030932D /* Debug */,
				1135D23420A9F4420030932D /* Release */,
			);
			defaultConfigurationIsVisible = 0;
			defaultConfigurationName = Release;
		};
/* End XCConfigurationList section */
	};
	rootObject = 1135D21420A9F4420030932D /* Project object */;
}
